
Microsoft Visual Studio Solution File, Format Version 12.00
# Visual Studio Version 16
VisualStudioVersion = 16.0.30011.22
MinimumVisualStudioVersion = 10.0.40219.1
Project("{FAE04EC0-301F-11D3-BF4B-00C04F79EFBC}") = "Bookstore_Project", "Bookstore_Project\Bookstore_Project.csproj", "{393F0EA1-ACA2-4A9D-9BEE-1159D142A58A}"
EndProject
Global
	GlobalSection(SolutionConfigurationPlatforms) = preSolution
		Debug|Any CPU = Debug|Any CPU
		Release|Any CPU = Release|Any CPU
	EndGlobalSection
	GlobalSection(ProjectConfigurationPlatforms) = postSolution
		{393F0EA1-ACA2-4A9D-9BEE-1159D142A58A}.Debug|Any CPU.ActiveCfg = Debug|Any CPU
		{393F0EA1-ACA2-4A9D-9BEE-1159D142A58A}.Debug|Any CPU.Build.0 = Debug|Any CPU
		{393F0EA1-ACA2-4A9D-9BEE-1159D142A58A}.Release|Any CPU.ActiveCfg = Release|Any CPU
		{393F0EA1-ACA2-4A9D-9BEE-1159D142A58A}.Release|Any CPU.Build.0 = Release|Any CPU
	EndGlobalSection
	GlobalSection(SolutionProperties) = preSolution
		HideSolutionNode = FALSE
	EndGlobalSection
	GlobalSection(ExtensibilityGlobals) = postSolution
		SolutionGuid = {567A222C-F598-4FA6-A0A9-C16C481100A0}
	EndGlobalSection
EndGlobal
